
Microsoft Visual Studio Solution File, Format Version 12.00
# Visual Studio Version 16
VisualStudioVersion = 16.0.29806.167
MinimumVisualStudioVersion = 10.0.40219.1
Project("{9A19103F-16F7-4668-BE54-9A1E7A4F7556}") = "MailService", "MailService\MailService.csproj", "{D9019E8B-20D9-4EE5-848F-CEA9BC4CF4F5}"
EndProject
Project("{9A19103F-16F7-4668-BE54-9A1E7A4F7556}") = "Models", "..\Models\Models.csproj", "{67715B07-7C44-491E-8574-9DF10904CBF4}"
EndProject
Project("{9A19103F-16F7-4668-BE54-9A1E7A4F7556}") = "BusinessLayer", "BusinessLayer\BusinessLayer.csproj", "{0102C8DE-1125-46EC-AD49-E40625CA0A1D}"
EndProject
Project("{9A19103F-16F7-4668-BE54-9A1E7A4F7556}") = "UCLToolBox", "..\UCLToolBox\UCLToolBox.csproj", "{AD57BA4E-17AD-4BD1-8D1B-1C05B7333705}"
EndProject
Project("{FAE04EC0-301F-11D3-BF4B-00C04F79EFBC}") = "ViewTemplates", "ViewTemplates\ViewTemplates.csproj", "{DE621A82-D162-4510-9AD8-42E83CCD759F}"
EndProject
Project("{FAE04EC0-301F-11D3-BF4B-00C04F79EFBC}") = "MailTest", "MailTest\MailTest.csproj", "{6F309DFF-6A44-4FD3-9441-670AA1B44E66}"
EndProject
Global
	GlobalSection(SolutionConfigurationPlatforms) = preSolution
		Debug|Any CPU = Debug|Any CPU
		Release|Any CPU = Release|Any CPU
	EndGlobalSection
	GlobalSection(ProjectConfigurationPlatforms) = postSolution
		{D9019E8B-20D9-4EE5-848F-CEA9BC4CF4F5}.Debug|Any CPU.ActiveCfg = Debug|Any CPU
		{D9019E8B-20D9-4EE5-848F-CEA9BC4CF4F5}.Debug|Any CPU.Build.0 = Debug|Any CPU
		{D9019E8B-20D9-4EE5-848F-CEA9BC4CF4F5}.Release|Any CPU.ActiveCfg = Release|Any CPU
		{D9019E8B-20D9-4EE5-848F-CEA9BC4CF4F5}.Release|Any CPU.Build.0 = Release|Any CPU
		{67715B07-7C44-491E-8574-9DF10904CBF4}.Debug|Any CPU.ActiveCfg = Debug|Any CPU
		{67715B07-7C44-491E-8574-9DF10904CBF4}.Debug|Any CPU.Build.0 = Debug|Any CPU
		{67715B07-7C44-491E-8574-9DF10904CBF4}.Release|Any CPU.ActiveCfg = Release|Any CPU
		{67715B07-7C44-491E-8574-9DF10904CBF4}.Release|Any CPU.Build.0 = Release|Any CPU
		{0102C8DE-1125-46EC-AD49-E40625CA0A1D}.Debug|Any CPU.ActiveCfg = Debug|Any CPU
		{0102C8DE-1125-46EC-AD49-E40625CA0A1D}.Debug|Any CPU.Build.0 = Debug|Any CPU
		{0102C8DE-1125-46EC-AD49-E40625CA0A1D}.Release|Any CPU.ActiveCfg = Release|Any CPU
		{0102C8DE-1125-46EC-AD49-E40625CA0A1D}.Release|Any CPU.Build.0 = Release|Any CPU
		{AD57BA4E-17AD-4BD1-8D1B-1C05B7333705}.Debug|Any CPU.ActiveCfg = Debug|Any CPU
		{AD57BA4E-17AD-4BD1-8D1B-1C05B7333705}.Debug|Any CPU.Build.0 = Debug|Any CPU
		{AD57BA4E-17AD-4BD1-8D1B-1C05B7333705}.Release|Any CPU.ActiveCfg = Release|Any CPU
		{AD57BA4E-17AD-4BD1-8D1B-1C05B7333705}.Release|Any CPU.Build.0 = Release|Any CPU
		{DE621A82-D162-4510-9AD8-42E83CCD759F}.Debug|Any CPU.ActiveCfg = Debug|Any CPU
		{DE621A82-D162-4510-9AD8-42E83CCD759F}.Debug|Any CPU.Build.0 = Debug|Any CPU
		{DE621A82-D162-4510-9AD8-42E83CCD759F}.Release|Any CPU.ActiveCfg = Release|Any CPU
		{DE621A82-D162-4510-9AD8-42E83CCD759F}.Release|Any CPU.Build.0 = Release|Any CPU
		{6F309DFF-6A44-4FD3-9441-670AA1B44E66}.Debug|Any CPU.ActiveCfg = Debug|Any CPU
		{6F309DFF-6A44-4FD3-9441-670AA1B44E66}.Debug|Any CPU.Build.0 = Debug|Any CPU
		{6F309DFF-6A44-4FD3-9441-670AA1B44E66}.Release|Any CPU.ActiveCfg = Release|Any CPU
		{6F309DFF-6A44-4FD3-9441-670AA1B44E66}.Release|Any CPU.Build.0 = Release|Any CPU
	EndGlobalSection
	GlobalSection(SolutionProperties) = preSolution
		HideSolutionNode = FALSE
	EndGlobalSection
	GlobalSection(ExtensibilityGlobals) = postSolution
		SolutionGuid = {3DA2EDDB-D536-429A-B356-2718D0458067}
	EndGlobalSection
EndGlobal
