
Microsoft Visual Studio Solution File, Format Version 12.00
# Visual Studio Version 16
VisualStudioVersion = 16.0.29806.167
MinimumVisualStudioVersion = 10.0.40219.1
Project("{2150E333-8FDC-42A3-9474-1A3956D46DE8}") = "App", "App", "{6C65FF53-4F06-44FB-B1A2-E1731994624B}"
EndProject
Project("{2150E333-8FDC-42A3-9474-1A3956D46DE8}") = "Mail", "Mail", "{E29D20E4-5008-44F4-9FEB-25111735C3B7}"
EndProject
Project("{2150E333-8FDC-42A3-9474-1A3956D46DE8}") = "Web", "Web", "{F9CFBDD5-346D-488B-8E98-3504674CB1C5}"
EndProject
Project("{2150E333-8FDC-42A3-9474-1A3956D46DE8}") = "Reservation", "Reservation", "{8B60DD81-44DC-43F6-AC34-262944FB4DD8}"
EndProject
Project("{2150E333-8FDC-42A3-9474-1A3956D46DE8}") = "Microservices", "Microservices", "{505B0573-4CE2-4F46-BE0B-7A2BC5CE1729}"
EndProject
Project("{2150E333-8FDC-42A3-9474-1A3956D46DE8}") = "Api", "Api", "{6F0BCA28-E13A-4935-B6BB-A9D5B71DC07B}"
EndProject
Project("{2150E333-8FDC-42A3-9474-1A3956D46DE8}") = "Application", "Application", "{71E6D9A4-F95D-4E31-89A0-254231EF519C}"
EndProject
Project("{2150E333-8FDC-42A3-9474-1A3956D46DE8}") = "Data", "Data", "{65578BC2-912A-4147-BF82-CBE9A42AC2FA}"
EndProject
Project("{2150E333-8FDC-42A3-9474-1A3956D46DE8}") = "Domain", "Domain", "{B81EFA09-090C-47AF-AD0E-E7421E38DA53}"
EndProject
Project("{9A19103F-16F7-4668-BE54-9A1E7A4F7556}") = "UCLDreamTeam.Reservation.Domain", "Microservices\Reservation\UCLDreamTeam.Reservation.Domain\UCLDreamTeam.Reservation.Domain.csproj", "{E32F6375-67B3-42C7-9F0C-BDADEEBBF472}"
EndProject
Project("{9A19103F-16F7-4668-BE54-9A1E7A4F7556}") = "UCLDreamTeam.Reservation.Data", "Microservices\Reservation\UCLDreamTeam.Reservation.Data\UCLDreamTeam.Reservation.Data.csproj", "{280C798B-C31D-403D-9871-52FBCA570BD6}"
EndProject
Project("{9A19103F-16F7-4668-BE54-9A1E7A4F7556}") = "UCLDreamTeam.Reservation.Application", "Microservices\Reservation\UCLDreamTeam.Reservation.Application\UCLDreamTeam.Reservation.Application.csproj", "{5BD76278-600D-474F-912A-9D6A5A33DCF2}"
EndProject
Project("{9A19103F-16F7-4668-BE54-9A1E7A4F7556}") = "UCLDreamTeam.Reservation.Api", "Microservices\Reservation\UCLDreamTeam.Reservation.Api\UCLDreamTeam.Reservation.Api.csproj", "{5B4A8954-E9CB-452F-9C50-71357DE28C82}"
EndProject
Project("{2150E333-8FDC-42A3-9474-1A3956D46DE8}") = "Presentation", "Presentation", "{A0FB7BDE-C5C1-47B7-B8D3-4D72392799C8}"
EndProject
Project("{9A19103F-16F7-4668-BE54-9A1E7A4F7556}") = "XamarinFormsApp", "Presentation\App\XamarinFormsApp\XamarinFormsApp\XamarinFormsApp.csproj", "{ADC7B1D5-39D2-43F9-8B75-1F65EAE0AB29}"
EndProject
Project("{FAE04EC0-301F-11D3-BF4B-00C04F79EFBC}") = "XamarinFormsApp.Android", "Presentation\App\XamarinFormsApp\XamarinFormsApp.Android\XamarinFormsApp.Android.csproj", "{087624D5-B18A-47CD-8206-E2519A9DF8B6}"
EndProject
Project("{FAE04EC0-301F-11D3-BF4B-00C04F79EFBC}") = "XamarinFormsApp.iOS", "Presentation\App\XamarinFormsApp\XamarinFormsApp.iOS\XamarinFormsApp.iOS.csproj", "{AB7DF795-2601-4AE4-9FD5-D8DDA20C8DFF}"
EndProject
Project("{9A19103F-16F7-4668-BE54-9A1E7A4F7556}") = "AdminPanel.Client", "Presentation\Web\AdminPanel\AdminPanel\Client\AdminPanel.Client.csproj", "{F04D4748-CCE4-47F8-A1CB-D0DB995235C5}"
EndProject
Project("{9A19103F-16F7-4668-BE54-9A1E7A4F7556}") = "AdminPanel.Server", "Presentation\Web\AdminPanel\AdminPanel\Server\AdminPanel.Server.csproj", "{80E980DE-60A4-459F-8D4B-96D647A290D9}"
EndProject
Project("{9A19103F-16F7-4668-BE54-9A1E7A4F7556}") = "AdminPanelSeleniumTest", "Presentation\Web\AdminPanel\AdminPanelSeleniumTest\AdminPanelSeleniumTest.csproj", "{3F03B823-0DFF-481E-9D12-0B5521FCB8C5}"
EndProject
Project("{2150E333-8FDC-42A3-9474-1A3956D46DE8}") = "ApiGateway", "ApiGateway", "{39CB7ADA-07E2-498D-B888-E357084E1EE7}"
EndProject
Project("{9A19103F-16F7-4668-BE54-9A1E7A4F7556}") = "Business Layer", "ApiGateway\OldRest\Business Layer\Business Layer.csproj", "{B1C1648E-E25D-4779-AD0C-7D82E3A6CB42}"
EndProject
Project("{2150E333-8FDC-42A3-9474-1A3956D46DE8}") = "OldRest", "OldRest", "{70E93437-918D-42E2-99CB-3AE46667E03A}"
EndProject
Project("{9A19103F-16F7-4668-BE54-9A1E7A4F7556}") = "Data Access Layer", "ApiGateway\OldRest\Data Access Layer\Data Access Layer.csproj", "{FD1944E0-62A0-4FEB-92DF-67C7A4E774D3}"
EndProject
Project("{9A19103F-16F7-4668-BE54-9A1E7A4F7556}") = "Rest API", "ApiGateway\OldRest\Rest API\Rest API.csproj", "{4B9F3835-F62A-4060-8CBB-4451F5339FE3}"
EndProject
Project("{9A19103F-16F7-4668-BE54-9A1E7A4F7556}") = "Rest ApiTest", "ApiGateway\OldRest\Rest ApiTest\Rest ApiTest.csproj", "{6ED969FD-0BCB-46F9-B862-D554EB65AC9B}"
EndProject
Project("{9A19103F-16F7-4668-BE54-9A1E7A4F7556}") = "TestAPI", "ApiGateway\OldRest\TestAPI\TestAPI.csproj", "{4D54C787-5A86-43A5-861F-2B42B8791510}"
EndProject
Project("{2150E333-8FDC-42A3-9474-1A3956D46DE8}") = "RabbitMQTest", "RabbitMQTest", "{E86F393B-8D81-40A7-B8DE-3F08B2CC5F70}"
EndProject
Project("{2150E333-8FDC-42A3-9474-1A3956D46DE8}") = "Consumer", "Consumer", "{C36BCBEE-9BE5-4168-B953-2EB3BAA3F0B2}"
EndProject
Project("{2150E333-8FDC-42A3-9474-1A3956D46DE8}") = "Producer", "Producer", "{E75192FE-4C10-4065-9926-1B660234624A}"
EndProject
Project("{9A19103F-16F7-4668-BE54-9A1E7A4F7556}") = "Consumer.Api", "Microservices\RabbitMQTest\Consumer.Api\Consumer.Api.csproj", "{1E878063-BD87-4552-B969-C2DA8B3CB096}"
EndProject
Project("{9A19103F-16F7-4668-BE54-9A1E7A4F7556}") = "Consumer.Domain", "Microservices\RabbitMQTest\Consumer.Domain\Consumer.Domain.csproj", "{E59DB731-23C8-4DE6-8DAE-A5CBBFBF59F0}"
EndProject
Project("{9A19103F-16F7-4668-BE54-9A1E7A4F7556}") = "Producer.Api", "Microservices\RabbitMQTest\Producer.Api\Producer.Api.csproj", "{6B84F471-FB0F-4C4C-83CC-C6D4397DE66B}"
EndProject
Project("{9A19103F-16F7-4668-BE54-9A1E7A4F7556}") = "Producer.Domain", "Microservices\RabbitMQTest\Producer.Domain\Producer.Domain.csproj", "{08E83E0D-9553-490B-A328-B8AE37E86149}"
EndProject
Project("{2150E333-8FDC-42A3-9474-1A3956D46DE8}") = "SignalR", "SignalR", "{58F9AE30-D598-427C-8327-2B3CE7210DDD}"
EndProject
Project("{9A19103F-16F7-4668-BE54-9A1E7A4F7556}") = "SignalR Microservice", "Microservices\SignalR\SignalR Microservice\SignalR Microservice.csproj", "{2F27D2BD-EDA4-4E20-A7E6-B055B16629F1}"
EndProject
Project("{9A19103F-16F7-4668-BE54-9A1E7A4F7556}") = "NUnitSignalR", "Microservices\SignalR\NUnitSignalR\NUnitSignalR.csproj", "{F571AF3D-4438-4EFF-B766-DA598CB4DA7A}"
EndProject
Project("{2150E333-8FDC-42A3-9474-1A3956D46DE8}") = "User", "User", "{19E9413C-D88B-4E8B-8C4F-E8A7315A2B87}"
EndProject
Project("{9A19103F-16F7-4668-BE54-9A1E7A4F7556}") = "UCLDreamTeam.Mail.Domain", "Microservices\MailService\BusinessLayer\UCLDreamTeam.Mail.Domain.csproj", "{C11ED579-75D0-437B-AD58-59867456E32E}"
EndProject
Project("{9A19103F-16F7-4668-BE54-9A1E7A4F7556}") = "UCLDreamTeam.Mail.Api", "Microservices\MailService\MailService\UCLDreamTeam.Mail.Api.csproj", "{247D679D-786D-4FF7-86C3-F1D375C03DB1}"
EndProject
Project("{9A19103F-16F7-4668-BE54-9A1E7A4F7556}") = "MailTest", "Microservices\MailService\MailTest\MailTest.csproj", "{C0DD9942-42D1-4834-B05A-EA781620DB63}"
EndProject
Project("{2150E333-8FDC-42A3-9474-1A3956D46DE8}") = "Resource", "Resource", "{EBC4F038-C300-4998-8E50-C2C2F5EF8F5E}"
EndProject
Project("{9A19103F-16F7-4668-BE54-9A1E7A4F7556}") = "ResourceMicroService", "Microservices\ResourceMicroService\ResourceMicroService.csproj", "{E057F0AE-3776-4F23-834B-BC282C902A14}"
EndProject
Project("{2150E333-8FDC-42A3-9474-1A3956D46DE8}") = "Core", "Core", "{5C976F38-BFBA-4745-AB65-3FC32EBE4EBA}"
EndProject
Project("{9A19103F-16F7-4668-BE54-9A1E7A4F7556}") = "Models", "Core\Models\Models.csproj", "{C410A28A-D36F-4A67-9EFF-1BFB2A49BDCB}"
EndProject
Project("{9A19103F-16F7-4668-BE54-9A1E7A4F7556}") = "RabbitMQ.Bus", "Core\RabbitMQ.Bus\RabbitMQ.Bus.csproj", "{0C515C14-B39D-4E0C-A0D3-CC9FFFB38E71}"
EndProject
Project("{9A19103F-16F7-4668-BE54-9A1E7A4F7556}") = "RabbitMQ.IoC", "Core\RabbitMQ.IoC\RabbitMQ.IoC.csproj", "{80C9B9F8-DE70-4247-92EE-535D6E5C013D}"
EndProject
Project("{9A19103F-16F7-4668-BE54-9A1E7A4F7556}") = "UCLToolBox", "Core\UCLToolBox\UCLToolBox.csproj", "{31A3E80B-6DF6-473F-8FA8-C7DBCB7084FB}"
EndProject
Project("{9A19103F-16F7-4668-BE54-9A1E7A4F7556}") = "Mobile.Bff", "ApiGateway\Mobile.Bff\Mobile.Bff.csproj", "{3AC25C43-AEF3-4684-8723-3AFCD0730FEE}"
EndProject
Project("{9A19103F-16F7-4668-BE54-9A1E7A4F7556}") = "Web.Bff", "ApiGateway\Web.Bff\Web.Bff.csproj", "{63467827-5F0C-4EEC-AE94-BDFE67781F49}"
EndProject
Project("{9A19103F-16F7-4668-BE54-9A1E7A4F7556}") = "UCLDreamTeam.User.Api", "Microservices\User\UCLDreamTeam.User.Api\UCLDreamTeam.User.Api.csproj", "{CF41292B-2960-4751-BC0C-DC7A04393086}"
EndProject
Project("{2150E333-8FDC-42A3-9474-1A3956D46DE8}") = "Api", "Api", "{3A7A13EF-A010-4599-984E-EC7B0A3F8BA9}"
EndProject
Project("{2150E333-8FDC-42A3-9474-1A3956D46DE8}") = "Application", "Application", "{107F0A30-C45E-4F16-8BB4-37C063FA0C67}"
EndProject
Project("{9A19103F-16F7-4668-BE54-9A1E7A4F7556}") = "UCLDreamTeam.User.Application", "Microservices\User\UCLDreamTeam.User.Application\UCLDreamTeam.User.Application.csproj", "{8C98649C-C454-44AC-8BCC-4C81F3231767}"
EndProject
Project("{2150E333-8FDC-42A3-9474-1A3956D46DE8}") = "Data", "Data", "{00CC067E-1A1E-498D-A771-343BAC399C8F}"
EndProject
Project("{9A19103F-16F7-4668-BE54-9A1E7A4F7556}") = "UCLDreamTeam.User.Data", "Microservices\User\UCLDreamTeam.User.Data\UCLDreamTeam.User.Data.csproj", "{CE1EDE26-6159-455E-8036-5FF8504B9241}"
EndProject
Project("{2150E333-8FDC-42A3-9474-1A3956D46DE8}") = "Domain", "Domain", "{A226B6B5-42BC-4BAD-99D4-805A442C97AD}"
EndProject
Project("{9A19103F-16F7-4668-BE54-9A1E7A4F7556}") = "UCLDreamTeam.User.Domain", "Microservices\User\UCLDreamTeam.User.Domain\UCLDreamTeam.User.Domain.csproj", "{510DD02C-E0E6-420D-9FBA-6B310913015A}"
EndProject
Global
	GlobalSection(SolutionConfigurationPlatforms) = preSolution
		Debug|Any CPU = Debug|Any CPU
		Debug|iPhone = Debug|iPhone
		Debug|iPhoneSimulator = Debug|iPhoneSimulator
		Release|Any CPU = Release|Any CPU
		Release|iPhone = Release|iPhone
		Release|iPhoneSimulator = Release|iPhoneSimulator
	EndGlobalSection
	GlobalSection(ProjectConfigurationPlatforms) = postSolution
		{E32F6375-67B3-42C7-9F0C-BDADEEBBF472}.Debug|Any CPU.ActiveCfg = Debug|Any CPU
		{E32F6375-67B3-42C7-9F0C-BDADEEBBF472}.Debug|Any CPU.Build.0 = Debug|Any CPU
		{E32F6375-67B3-42C7-9F0C-BDADEEBBF472}.Debug|iPhone.ActiveCfg = Debug|Any CPU
		{E32F6375-67B3-42C7-9F0C-BDADEEBBF472}.Debug|iPhone.Build.0 = Debug|Any CPU
		{E32F6375-67B3-42C7-9F0C-BDADEEBBF472}.Debug|iPhoneSimulator.ActiveCfg = Debug|Any CPU
		{E32F6375-67B3-42C7-9F0C-BDADEEBBF472}.Debug|iPhoneSimulator.Build.0 = Debug|Any CPU
		{E32F6375-67B3-42C7-9F0C-BDADEEBBF472}.Release|Any CPU.ActiveCfg = Release|Any CPU
		{E32F6375-67B3-42C7-9F0C-BDADEEBBF472}.Release|Any CPU.Build.0 = Release|Any CPU
		{E32F6375-67B3-42C7-9F0C-BDADEEBBF472}.Release|iPhone.ActiveCfg = Release|Any CPU
		{E32F6375-67B3-42C7-9F0C-BDADEEBBF472}.Release|iPhone.Build.0 = Release|Any CPU
		{E32F6375-67B3-42C7-9F0C-BDADEEBBF472}.Release|iPhoneSimulator.ActiveCfg = Release|Any CPU
		{E32F6375-67B3-42C7-9F0C-BDADEEBBF472}.Release|iPhoneSimulator.Build.0 = Release|Any CPU
		{280C798B-C31D-403D-9871-52FBCA570BD6}.Debug|Any CPU.ActiveCfg = Debug|Any CPU
		{280C798B-C31D-403D-9871-52FBCA570BD6}.Debug|Any CPU.Build.0 = Debug|Any CPU
		{280C798B-C31D-403D-9871-52FBCA570BD6}.Debug|iPhone.ActiveCfg = Debug|Any CPU
		{280C798B-C31D-403D-9871-52FBCA570BD6}.Debug|iPhone.Build.0 = Debug|Any CPU
		{280C798B-C31D-403D-9871-52FBCA570BD6}.Debug|iPhoneSimulator.ActiveCfg = Debug|Any CPU
		{280C798B-C31D-403D-9871-52FBCA570BD6}.Debug|iPhoneSimulator.Build.0 = Debug|Any CPU
		{280C798B-C31D-403D-9871-52FBCA570BD6}.Release|Any CPU.ActiveCfg = Release|Any CPU
		{280C798B-C31D-403D-9871-52FBCA570BD6}.Release|Any CPU.Build.0 = Release|Any CPU
		{280C798B-C31D-403D-9871-52FBCA570BD6}.Release|iPhone.ActiveCfg = Release|Any CPU
		{280C798B-C31D-403D-9871-52FBCA570BD6}.Release|iPhone.Build.0 = Release|Any CPU
		{280C798B-C31D-403D-9871-52FBCA570BD6}.Release|iPhoneSimulator.ActiveCfg = Release|Any CPU
		{280C798B-C31D-403D-9871-52FBCA570BD6}.Release|iPhoneSimulator.Build.0 = Release|Any CPU
		{5BD76278-600D-474F-912A-9D6A5A33DCF2}.Debug|Any CPU.ActiveCfg = Debug|Any CPU
		{5BD76278-600D-474F-912A-9D6A5A33DCF2}.Debug|Any CPU.Build.0 = Debug|Any CPU
		{5BD76278-600D-474F-912A-9D6A5A33DCF2}.Debug|iPhone.ActiveCfg = Debug|Any CPU
		{5BD76278-600D-474F-912A-9D6A5A33DCF2}.Debug|iPhone.Build.0 = Debug|Any CPU
		{5BD76278-600D-474F-912A-9D6A5A33DCF2}.Debug|iPhoneSimulator.ActiveCfg = Debug|Any CPU
		{5BD76278-600D-474F-912A-9D6A5A33DCF2}.Debug|iPhoneSimulator.Build.0 = Debug|Any CPU
		{5BD76278-600D-474F-912A-9D6A5A33DCF2}.Release|Any CPU.ActiveCfg = Release|Any CPU
		{5BD76278-600D-474F-912A-9D6A5A33DCF2}.Release|Any CPU.Build.0 = Release|Any CPU
		{5BD76278-600D-474F-912A-9D6A5A33DCF2}.Release|iPhone.ActiveCfg = Release|Any CPU
		{5BD76278-600D-474F-912A-9D6A5A33DCF2}.Release|iPhone.Build.0 = Release|Any CPU
		{5BD76278-600D-474F-912A-9D6A5A33DCF2}.Release|iPhoneSimulator.ActiveCfg = Release|Any CPU
		{5BD76278-600D-474F-912A-9D6A5A33DCF2}.Release|iPhoneSimulator.Build.0 = Release|Any CPU
		{5B4A8954-E9CB-452F-9C50-71357DE28C82}.Debug|Any CPU.ActiveCfg = Debug|Any CPU
		{5B4A8954-E9CB-452F-9C50-71357DE28C82}.Debug|Any CPU.Build.0 = Debug|Any CPU
		{5B4A8954-E9CB-452F-9C50-71357DE28C82}.Debug|iPhone.ActiveCfg = Debug|Any CPU
		{5B4A8954-E9CB-452F-9C50-71357DE28C82}.Debug|iPhone.Build.0 = Debug|Any CPU
		{5B4A8954-E9CB-452F-9C50-71357DE28C82}.Debug|iPhoneSimulator.ActiveCfg = Debug|Any CPU
		{5B4A8954-E9CB-452F-9C50-71357DE28C82}.Debug|iPhoneSimulator.Build.0 = Debug|Any CPU
		{5B4A8954-E9CB-452F-9C50-71357DE28C82}.Release|Any CPU.ActiveCfg = Release|Any CPU
		{5B4A8954-E9CB-452F-9C50-71357DE28C82}.Release|Any CPU.Build.0 = Release|Any CPU
		{5B4A8954-E9CB-452F-9C50-71357DE28C82}.Release|iPhone.ActiveCfg = Release|Any CPU
		{5B4A8954-E9CB-452F-9C50-71357DE28C82}.Release|iPhone.Build.0 = Release|Any CPU
		{5B4A8954-E9CB-452F-9C50-71357DE28C82}.Release|iPhoneSimulator.ActiveCfg = Release|Any CPU
		{5B4A8954-E9CB-452F-9C50-71357DE28C82}.Release|iPhoneSimulator.Build.0 = Release|Any CPU
		{ADC7B1D5-39D2-43F9-8B75-1F65EAE0AB29}.Debug|Any CPU.ActiveCfg = Debug|Any CPU
		{ADC7B1D5-39D2-43F9-8B75-1F65EAE0AB29}.Debug|Any CPU.Build.0 = Debug|Any CPU
		{ADC7B1D5-39D2-43F9-8B75-1F65EAE0AB29}.Debug|iPhone.ActiveCfg = Debug|Any CPU
		{ADC7B1D5-39D2-43F9-8B75-1F65EAE0AB29}.Debug|iPhone.Build.0 = Debug|Any CPU
		{ADC7B1D5-39D2-43F9-8B75-1F65EAE0AB29}.Debug|iPhoneSimulator.ActiveCfg = Debug|Any CPU
		{ADC7B1D5-39D2-43F9-8B75-1F65EAE0AB29}.Debug|iPhoneSimulator.Build.0 = Debug|Any CPU
		{ADC7B1D5-39D2-43F9-8B75-1F65EAE0AB29}.Release|Any CPU.ActiveCfg = Release|Any CPU
		{ADC7B1D5-39D2-43F9-8B75-1F65EAE0AB29}.Release|Any CPU.Build.0 = Release|Any CPU
		{ADC7B1D5-39D2-43F9-8B75-1F65EAE0AB29}.Release|iPhone.ActiveCfg = Release|Any CPU
		{ADC7B1D5-39D2-43F9-8B75-1F65EAE0AB29}.Release|iPhone.Build.0 = Release|Any CPU
		{ADC7B1D5-39D2-43F9-8B75-1F65EAE0AB29}.Release|iPhoneSimulator.ActiveCfg = Release|Any CPU
		{ADC7B1D5-39D2-43F9-8B75-1F65EAE0AB29}.Release|iPhoneSimulator.Build.0 = Release|Any CPU
		{087624D5-B18A-47CD-8206-E2519A9DF8B6}.Debug|Any CPU.ActiveCfg = Debug|Any CPU
		{087624D5-B18A-47CD-8206-E2519A9DF8B6}.Debug|Any CPU.Build.0 = Debug|Any CPU
		{087624D5-B18A-47CD-8206-E2519A9DF8B6}.Debug|Any CPU.Deploy.0 = Debug|Any CPU
		{087624D5-B18A-47CD-8206-E2519A9DF8B6}.Debug|iPhone.ActiveCfg = Debug|Any CPU
		{087624D5-B18A-47CD-8206-E2519A9DF8B6}.Debug|iPhone.Build.0 = Debug|Any CPU
		{087624D5-B18A-47CD-8206-E2519A9DF8B6}.Debug|iPhone.Deploy.0 = Debug|Any CPU
		{087624D5-B18A-47CD-8206-E2519A9DF8B6}.Debug|iPhoneSimulator.ActiveCfg = Debug|Any CPU
		{087624D5-B18A-47CD-8206-E2519A9DF8B6}.Debug|iPhoneSimulator.Build.0 = Debug|Any CPU
		{087624D5-B18A-47CD-8206-E2519A9DF8B6}.Debug|iPhoneSimulator.Deploy.0 = Debug|Any CPU
		{087624D5-B18A-47CD-8206-E2519A9DF8B6}.Release|Any CPU.ActiveCfg = Release|Any CPU
		{087624D5-B18A-47CD-8206-E2519A9DF8B6}.Release|Any CPU.Build.0 = Release|Any CPU
		{087624D5-B18A-47CD-8206-E2519A9DF8B6}.Release|Any CPU.Deploy.0 = Release|Any CPU
		{087624D5-B18A-47CD-8206-E2519A9DF8B6}.Release|iPhone.ActiveCfg = Release|Any CPU
		{087624D5-B18A-47CD-8206-E2519A9DF8B6}.Release|iPhone.Build.0 = Release|Any CPU
		{087624D5-B18A-47CD-8206-E2519A9DF8B6}.Release|iPhone.Deploy.0 = Release|Any CPU
		{087624D5-B18A-47CD-8206-E2519A9DF8B6}.Release|iPhoneSimulator.ActiveCfg = Release|Any CPU
		{087624D5-B18A-47CD-8206-E2519A9DF8B6}.Release|iPhoneSimulator.Build.0 = Release|Any CPU
		{087624D5-B18A-47CD-8206-E2519A9DF8B6}.Release|iPhoneSimulator.Deploy.0 = Release|Any CPU
		{AB7DF795-2601-4AE4-9FD5-D8DDA20C8DFF}.Debug|Any CPU.ActiveCfg = Debug|iPhone
		{AB7DF795-2601-4AE4-9FD5-D8DDA20C8DFF}.Debug|iPhone.ActiveCfg = Debug|iPhone
		{AB7DF795-2601-4AE4-9FD5-D8DDA20C8DFF}.Debug|iPhone.Build.0 = Debug|iPhone
		{AB7DF795-2601-4AE4-9FD5-D8DDA20C8DFF}.Debug|iPhoneSimulator.ActiveCfg = Debug|iPhoneSimulator
		{AB7DF795-2601-4AE4-9FD5-D8DDA20C8DFF}.Debug|iPhoneSimulator.Build.0 = Debug|iPhoneSimulator
		{AB7DF795-2601-4AE4-9FD5-D8DDA20C8DFF}.Release|Any CPU.ActiveCfg = Release|iPhone
		{AB7DF795-2601-4AE4-9FD5-D8DDA20C8DFF}.Release|iPhone.ActiveCfg = Release|iPhone
		{AB7DF795-2601-4AE4-9FD5-D8DDA20C8DFF}.Release|iPhone.Build.0 = Release|iPhone
		{AB7DF795-2601-4AE4-9FD5-D8DDA20C8DFF}.Release|iPhoneSimulator.ActiveCfg = Release|iPhoneSimulator
		{AB7DF795-2601-4AE4-9FD5-D8DDA20C8DFF}.Release|iPhoneSimulator.Build.0 = Release|iPhoneSimulator
		{F04D4748-CCE4-47F8-A1CB-D0DB995235C5}.Debug|Any CPU.ActiveCfg = Debug|Any CPU
		{F04D4748-CCE4-47F8-A1CB-D0DB995235C5}.Debug|Any CPU.Build.0 = Debug|Any CPU
		{F04D4748-CCE4-47F8-A1CB-D0DB995235C5}.Debug|iPhone.ActiveCfg = Debug|Any CPU
		{F04D4748-CCE4-47F8-A1CB-D0DB995235C5}.Debug|iPhone.Build.0 = Debug|Any CPU
		{F04D4748-CCE4-47F8-A1CB-D0DB995235C5}.Debug|iPhoneSimulator.ActiveCfg = Debug|Any CPU
		{F04D4748-CCE4-47F8-A1CB-D0DB995235C5}.Debug|iPhoneSimulator.Build.0 = Debug|Any CPU
		{F04D4748-CCE4-47F8-A1CB-D0DB995235C5}.Release|Any CPU.ActiveCfg = Release|Any CPU
		{F04D4748-CCE4-47F8-A1CB-D0DB995235C5}.Release|Any CPU.Build.0 = Release|Any CPU
		{F04D4748-CCE4-47F8-A1CB-D0DB995235C5}.Release|iPhone.ActiveCfg = Release|Any CPU
		{F04D4748-CCE4-47F8-A1CB-D0DB995235C5}.Release|iPhone.Build.0 = Release|Any CPU
		{F04D4748-CCE4-47F8-A1CB-D0DB995235C5}.Release|iPhoneSimulator.ActiveCfg = Release|Any CPU
		{F04D4748-CCE4-47F8-A1CB-D0DB995235C5}.Release|iPhoneSimulator.Build.0 = Release|Any CPU
		{80E980DE-60A4-459F-8D4B-96D647A290D9}.Debug|Any CPU.ActiveCfg = Debug|Any CPU
		{80E980DE-60A4-459F-8D4B-96D647A290D9}.Debug|Any CPU.Build.0 = Debug|Any CPU
		{80E980DE-60A4-459F-8D4B-96D647A290D9}.Debug|iPhone.ActiveCfg = Debug|Any CPU
		{80E980DE-60A4-459F-8D4B-96D647A290D9}.Debug|iPhone.Build.0 = Debug|Any CPU
		{80E980DE-60A4-459F-8D4B-96D647A290D9}.Debug|iPhoneSimulator.ActiveCfg = Debug|Any CPU
		{80E980DE-60A4-459F-8D4B-96D647A290D9}.Debug|iPhoneSimulator.Build.0 = Debug|Any CPU
		{80E980DE-60A4-459F-8D4B-96D647A290D9}.Release|Any CPU.ActiveCfg = Release|Any CPU
		{80E980DE-60A4-459F-8D4B-96D647A290D9}.Release|Any CPU.Build.0 = Release|Any CPU
		{80E980DE-60A4-459F-8D4B-96D647A290D9}.Release|iPhone.ActiveCfg = Release|Any CPU
		{80E980DE-60A4-459F-8D4B-96D647A290D9}.Release|iPhone.Build.0 = Release|Any CPU
		{80E980DE-60A4-459F-8D4B-96D647A290D9}.Release|iPhoneSimulator.ActiveCfg = Release|Any CPU
		{80E980DE-60A4-459F-8D4B-96D647A290D9}.Release|iPhoneSimulator.Build.0 = Release|Any CPU
		{3F03B823-0DFF-481E-9D12-0B5521FCB8C5}.Debug|Any CPU.ActiveCfg = Debug|Any CPU
		{3F03B823-0DFF-481E-9D12-0B5521FCB8C5}.Debug|Any CPU.Build.0 = Debug|Any CPU
		{3F03B823-0DFF-481E-9D12-0B5521FCB8C5}.Debug|iPhone.ActiveCfg = Debug|Any CPU
		{3F03B823-0DFF-481E-9D12-0B5521FCB8C5}.Debug|iPhone.Build.0 = Debug|Any CPU
		{3F03B823-0DFF-481E-9D12-0B5521FCB8C5}.Debug|iPhoneSimulator.ActiveCfg = Debug|Any CPU
		{3F03B823-0DFF-481E-9D12-0B5521FCB8C5}.Debug|iPhoneSimulator.Build.0 = Debug|Any CPU
		{3F03B823-0DFF-481E-9D12-0B5521FCB8C5}.Release|Any CPU.ActiveCfg = Release|Any CPU
		{3F03B823-0DFF-481E-9D12-0B5521FCB8C5}.Release|Any CPU.Build.0 = Release|Any CPU
		{3F03B823-0DFF-481E-9D12-0B5521FCB8C5}.Release|iPhone.ActiveCfg = Release|Any CPU
		{3F03B823-0DFF-481E-9D12-0B5521FCB8C5}.Release|iPhone.Build.0 = Release|Any CPU
		{3F03B823-0DFF-481E-9D12-0B5521FCB8C5}.Release|iPhoneSimulator.ActiveCfg = Release|Any CPU
		{3F03B823-0DFF-481E-9D12-0B5521FCB8C5}.Release|iPhoneSimulator.Build.0 = Release|Any CPU
		{B1C1648E-E25D-4779-AD0C-7D82E3A6CB42}.Debug|Any CPU.ActiveCfg = Debug|Any CPU
		{B1C1648E-E25D-4779-AD0C-7D82E3A6CB42}.Debug|Any CPU.Build.0 = Debug|Any CPU
		{B1C1648E-E25D-4779-AD0C-7D82E3A6CB42}.Debug|iPhone.ActiveCfg = Debug|Any CPU
		{B1C1648E-E25D-4779-AD0C-7D82E3A6CB42}.Debug|iPhone.Build.0 = Debug|Any CPU
		{B1C1648E-E25D-4779-AD0C-7D82E3A6CB42}.Debug|iPhoneSimulator.ActiveCfg = Debug|Any CPU
		{B1C1648E-E25D-4779-AD0C-7D82E3A6CB42}.Debug|iPhoneSimulator.Build.0 = Debug|Any CPU
		{B1C1648E-E25D-4779-AD0C-7D82E3A6CB42}.Release|Any CPU.ActiveCfg = Release|Any CPU
		{B1C1648E-E25D-4779-AD0C-7D82E3A6CB42}.Release|Any CPU.Build.0 = Release|Any CPU
		{B1C1648E-E25D-4779-AD0C-7D82E3A6CB42}.Release|iPhone.ActiveCfg = Release|Any CPU
		{B1C1648E-E25D-4779-AD0C-7D82E3A6CB42}.Release|iPhone.Build.0 = Release|Any CPU
		{B1C1648E-E25D-4779-AD0C-7D82E3A6CB42}.Release|iPhoneSimulator.ActiveCfg = Release|Any CPU
		{B1C1648E-E25D-4779-AD0C-7D82E3A6CB42}.Release|iPhoneSimulator.Build.0 = Release|Any CPU
		{FD1944E0-62A0-4FEB-92DF-67C7A4E774D3}.Debug|Any CPU.ActiveCfg = Debug|Any CPU
		{FD1944E0-62A0-4FEB-92DF-67C7A4E774D3}.Debug|Any CPU.Build.0 = Debug|Any CPU
		{FD1944E0-62A0-4FEB-92DF-67C7A4E774D3}.Debug|iPhone.ActiveCfg = Debug|Any CPU
		{FD1944E0-62A0-4FEB-92DF-67C7A4E774D3}.Debug|iPhone.Build.0 = Debug|Any CPU
		{FD1944E0-62A0-4FEB-92DF-67C7A4E774D3}.Debug|iPhoneSimulator.ActiveCfg = Debug|Any CPU
		{FD1944E0-62A0-4FEB-92DF-67C7A4E774D3}.Debug|iPhoneSimulator.Build.0 = Debug|Any CPU
		{FD1944E0-62A0-4FEB-92DF-67C7A4E774D3}.Release|Any CPU.ActiveCfg = Release|Any CPU
		{FD1944E0-62A0-4FEB-92DF-67C7A4E774D3}.Release|Any CPU.Build.0 = Release|Any CPU
		{FD1944E0-62A0-4FEB-92DF-67C7A4E774D3}.Release|iPhone.ActiveCfg = Release|Any CPU
		{FD1944E0-62A0-4FEB-92DF-67C7A4E774D3}.Release|iPhone.Build.0 = Release|Any CPU
		{FD1944E0-62A0-4FEB-92DF-67C7A4E774D3}.Release|iPhoneSimulator.ActiveCfg = Release|Any CPU
		{FD1944E0-62A0-4FEB-92DF-67C7A4E774D3}.Release|iPhoneSimulator.Build.0 = Release|Any CPU
		{4B9F3835-F62A-4060-8CBB-4451F5339FE3}.Debug|Any CPU.ActiveCfg = Debug|Any CPU
		{4B9F3835-F62A-4060-8CBB-4451F5339FE3}.Debug|Any CPU.Build.0 = Debug|Any CPU
		{4B9F3835-F62A-4060-8CBB-4451F5339FE3}.Debug|iPhone.ActiveCfg = Debug|Any CPU
		{4B9F3835-F62A-4060-8CBB-4451F5339FE3}.Debug|iPhone.Build.0 = Debug|Any CPU
		{4B9F3835-F62A-4060-8CBB-4451F5339FE3}.Debug|iPhoneSimulator.ActiveCfg = Debug|Any CPU
		{4B9F3835-F62A-4060-8CBB-4451F5339FE3}.Debug|iPhoneSimulator.Build.0 = Debug|Any CPU
		{4B9F3835-F62A-4060-8CBB-4451F5339FE3}.Release|Any CPU.ActiveCfg = Release|Any CPU
		{4B9F3835-F62A-4060-8CBB-4451F5339FE3}.Release|Any CPU.Build.0 = Release|Any CPU
		{4B9F3835-F62A-4060-8CBB-4451F5339FE3}.Release|iPhone.ActiveCfg = Release|Any CPU
		{4B9F3835-F62A-4060-8CBB-4451F5339FE3}.Release|iPhone.Build.0 = Release|Any CPU
		{4B9F3835-F62A-4060-8CBB-4451F5339FE3}.Release|iPhoneSimulator.ActiveCfg = Release|Any CPU
		{4B9F3835-F62A-4060-8CBB-4451F5339FE3}.Release|iPhoneSimulator.Build.0 = Release|Any CPU
		{6ED969FD-0BCB-46F9-B862-D554EB65AC9B}.Debug|Any CPU.ActiveCfg = Debug|Any CPU
		{6ED969FD-0BCB-46F9-B862-D554EB65AC9B}.Debug|Any CPU.Build.0 = Debug|Any CPU
		{6ED969FD-0BCB-46F9-B862-D554EB65AC9B}.Debug|iPhone.ActiveCfg = Debug|Any CPU
		{6ED969FD-0BCB-46F9-B862-D554EB65AC9B}.Debug|iPhone.Build.0 = Debug|Any CPU
		{6ED969FD-0BCB-46F9-B862-D554EB65AC9B}.Debug|iPhoneSimulator.ActiveCfg = Debug|Any CPU
		{6ED969FD-0BCB-46F9-B862-D554EB65AC9B}.Debug|iPhoneSimulator.Build.0 = Debug|Any CPU
		{6ED969FD-0BCB-46F9-B862-D554EB65AC9B}.Release|Any CPU.ActiveCfg = Release|Any CPU
		{6ED969FD-0BCB-46F9-B862-D554EB65AC9B}.Release|Any CPU.Build.0 = Release|Any CPU
		{6ED969FD-0BCB-46F9-B862-D554EB65AC9B}.Release|iPhone.ActiveCfg = Release|Any CPU
		{6ED969FD-0BCB-46F9-B862-D554EB65AC9B}.Release|iPhone.Build.0 = Release|Any CPU
		{6ED969FD-0BCB-46F9-B862-D554EB65AC9B}.Release|iPhoneSimulator.ActiveCfg = Release|Any CPU
		{6ED969FD-0BCB-46F9-B862-D554EB65AC9B}.Release|iPhoneSimulator.Build.0 = Release|Any CPU
		{4D54C787-5A86-43A5-861F-2B42B8791510}.Debug|Any CPU.ActiveCfg = Debug|Any CPU
		{4D54C787-5A86-43A5-861F-2B42B8791510}.Debug|Any CPU.Build.0 = Debug|Any CPU
		{4D54C787-5A86-43A5-861F-2B42B8791510}.Debug|iPhone.ActiveCfg = Debug|Any CPU
		{4D54C787-5A86-43A5-861F-2B42B8791510}.Debug|iPhone.Build.0 = Debug|Any CPU
		{4D54C787-5A86-43A5-861F-2B42B8791510}.Debug|iPhoneSimulator.ActiveCfg = Debug|Any CPU
		{4D54C787-5A86-43A5-861F-2B42B8791510}.Debug|iPhoneSimulator.Build.0 = Debug|Any CPU
		{4D54C787-5A86-43A5-861F-2B42B8791510}.Release|Any CPU.ActiveCfg = Release|Any CPU
		{4D54C787-5A86-43A5-861F-2B42B8791510}.Release|Any CPU.Build.0 = Release|Any CPU
		{4D54C787-5A86-43A5-861F-2B42B8791510}.Release|iPhone.ActiveCfg = Release|Any CPU
		{4D54C787-5A86-43A5-861F-2B42B8791510}.Release|iPhone.Build.0 = Release|Any CPU
		{4D54C787-5A86-43A5-861F-2B42B8791510}.Release|iPhoneSimulator.ActiveCfg = Release|Any CPU
		{4D54C787-5A86-43A5-861F-2B42B8791510}.Release|iPhoneSimulator.Build.0 = Release|Any CPU
		{1E878063-BD87-4552-B969-C2DA8B3CB096}.Debug|Any CPU.ActiveCfg = Debug|Any CPU
		{1E878063-BD87-4552-B969-C2DA8B3CB096}.Debug|Any CPU.Build.0 = Debug|Any CPU
		{1E878063-BD87-4552-B969-C2DA8B3CB096}.Debug|iPhone.ActiveCfg = Debug|Any CPU
		{1E878063-BD87-4552-B969-C2DA8B3CB096}.Debug|iPhone.Build.0 = Debug|Any CPU
		{1E878063-BD87-4552-B969-C2DA8B3CB096}.Debug|iPhoneSimulator.ActiveCfg = Debug|Any CPU
		{1E878063-BD87-4552-B969-C2DA8B3CB096}.Debug|iPhoneSimulator.Build.0 = Debug|Any CPU
		{1E878063-BD87-4552-B969-C2DA8B3CB096}.Release|Any CPU.ActiveCfg = Release|Any CPU
		{1E878063-BD87-4552-B969-C2DA8B3CB096}.Release|Any CPU.Build.0 = Release|Any CPU
		{1E878063-BD87-4552-B969-C2DA8B3CB096}.Release|iPhone.ActiveCfg = Release|Any CPU
		{1E878063-BD87-4552-B969-C2DA8B3CB096}.Release|iPhone.Build.0 = Release|Any CPU
		{1E878063-BD87-4552-B969-C2DA8B3CB096}.Release|iPhoneSimulator.ActiveCfg = Release|Any CPU
		{1E878063-BD87-4552-B969-C2DA8B3CB096}.Release|iPhoneSimulator.Build.0 = Release|Any CPU
		{E59DB731-23C8-4DE6-8DAE-A5CBBFBF59F0}.Debug|Any CPU.ActiveCfg = Debug|Any CPU
		{E59DB731-23C8-4DE6-8DAE-A5CBBFBF59F0}.Debug|Any CPU.Build.0 = Debug|Any CPU
		{E59DB731-23C8-4DE6-8DAE-A5CBBFBF59F0}.Debug|iPhone.ActiveCfg = Debug|Any CPU
		{E59DB731-23C8-4DE6-8DAE-A5CBBFBF59F0}.Debug|iPhone.Build.0 = Debug|Any CPU
		{E59DB731-23C8-4DE6-8DAE-A5CBBFBF59F0}.Debug|iPhoneSimulator.ActiveCfg = Debug|Any CPU
		{E59DB731-23C8-4DE6-8DAE-A5CBBFBF59F0}.Debug|iPhoneSimulator.Build.0 = Debug|Any CPU
		{E59DB731-23C8-4DE6-8DAE-A5CBBFBF59F0}.Release|Any CPU.ActiveCfg = Release|Any CPU
		{E59DB731-23C8-4DE6-8DAE-A5CBBFBF59F0}.Release|Any CPU.Build.0 = Release|Any CPU
		{E59DB731-23C8-4DE6-8DAE-A5CBBFBF59F0}.Release|iPhone.ActiveCfg = Release|Any CPU
		{E59DB731-23C8-4DE6-8DAE-A5CBBFBF59F0}.Release|iPhone.Build.0 = Release|Any CPU
		{E59DB731-23C8-4DE6-8DAE-A5CBBFBF59F0}.Release|iPhoneSimulator.ActiveCfg = Release|Any CPU
		{E59DB731-23C8-4DE6-8DAE-A5CBBFBF59F0}.Release|iPhoneSimulator.Build.0 = Release|Any CPU
		{6B84F471-FB0F-4C4C-83CC-C6D4397DE66B}.Debug|Any CPU.ActiveCfg = Debug|Any CPU
		{6B84F471-FB0F-4C4C-83CC-C6D4397DE66B}.Debug|Any CPU.Build.0 = Debug|Any CPU
		{6B84F471-FB0F-4C4C-83CC-C6D4397DE66B}.Debug|iPhone.ActiveCfg = Debug|Any CPU
		{6B84F471-FB0F-4C4C-83CC-C6D4397DE66B}.Debug|iPhone.Build.0 = Debug|Any CPU
		{6B84F471-FB0F-4C4C-83CC-C6D4397DE66B}.Debug|iPhoneSimulator.ActiveCfg = Debug|Any CPU
		{6B84F471-FB0F-4C4C-83CC-C6D4397DE66B}.Debug|iPhoneSimulator.Build.0 = Debug|Any CPU
		{6B84F471-FB0F-4C4C-83CC-C6D4397DE66B}.Release|Any CPU.ActiveCfg = Release|Any CPU
		{6B84F471-FB0F-4C4C-83CC-C6D4397DE66B}.Release|Any CPU.Build.0 = Release|Any CPU
		{6B84F471-FB0F-4C4C-83CC-C6D4397DE66B}.Release|iPhone.ActiveCfg = Release|Any CPU
		{6B84F471-FB0F-4C4C-83CC-C6D4397DE66B}.Release|iPhone.Build.0 = Release|Any CPU
		{6B84F471-FB0F-4C4C-83CC-C6D4397DE66B}.Release|iPhoneSimulator.ActiveCfg = Release|Any CPU
		{6B84F471-FB0F-4C4C-83CC-C6D4397DE66B}.Release|iPhoneSimulator.Build.0 = Release|Any CPU
		{08E83E0D-9553-490B-A328-B8AE37E86149}.Debug|Any CPU.ActiveCfg = Debug|Any CPU
		{08E83E0D-9553-490B-A328-B8AE37E86149}.Debug|Any CPU.Build.0 = Debug|Any CPU
		{08E83E0D-9553-490B-A328-B8AE37E86149}.Debug|iPhone.ActiveCfg = Debug|Any CPU
		{08E83E0D-9553-490B-A328-B8AE37E86149}.Debug|iPhone.Build.0 = Debug|Any CPU
		{08E83E0D-9553-490B-A328-B8AE37E86149}.Debug|iPhoneSimulator.ActiveCfg = Debug|Any CPU
		{08E83E0D-9553-490B-A328-B8AE37E86149}.Debug|iPhoneSimulator.Build.0 = Debug|Any CPU
		{08E83E0D-9553-490B-A328-B8AE37E86149}.Release|Any CPU.ActiveCfg = Release|Any CPU
		{08E83E0D-9553-490B-A328-B8AE37E86149}.Release|Any CPU.Build.0 = Release|Any CPU
		{08E83E0D-9553-490B-A328-B8AE37E86149}.Release|iPhone.ActiveCfg = Release|Any CPU
		{08E83E0D-9553-490B-A328-B8AE37E86149}.Release|iPhone.Build.0 = Release|Any CPU
		{08E83E0D-9553-490B-A328-B8AE37E86149}.Release|iPhoneSimulator.ActiveCfg = Release|Any CPU
		{08E83E0D-9553-490B-A328-B8AE37E86149}.Release|iPhoneSimulator.Build.0 = Release|Any CPU
		{2F27D2BD-EDA4-4E20-A7E6-B055B16629F1}.Debug|Any CPU.ActiveCfg = Debug|Any CPU
		{2F27D2BD-EDA4-4E20-A7E6-B055B16629F1}.Debug|Any CPU.Build.0 = Debug|Any CPU
		{2F27D2BD-EDA4-4E20-A7E6-B055B16629F1}.Debug|iPhone.ActiveCfg = Debug|Any CPU
		{2F27D2BD-EDA4-4E20-A7E6-B055B16629F1}.Debug|iPhone.Build.0 = Debug|Any CPU
		{2F27D2BD-EDA4-4E20-A7E6-B055B16629F1}.Debug|iPhoneSimulator.ActiveCfg = Debug|Any CPU
		{2F27D2BD-EDA4-4E20-A7E6-B055B16629F1}.Debug|iPhoneSimulator.Build.0 = Debug|Any CPU
		{2F27D2BD-EDA4-4E20-A7E6-B055B16629F1}.Release|Any CPU.ActiveCfg = Release|Any CPU
		{2F27D2BD-EDA4-4E20-A7E6-B055B16629F1}.Release|Any CPU.Build.0 = Release|Any CPU
		{2F27D2BD-EDA4-4E20-A7E6-B055B16629F1}.Release|iPhone.ActiveCfg = Release|Any CPU
		{2F27D2BD-EDA4-4E20-A7E6-B055B16629F1}.Release|iPhone.Build.0 = Release|Any CPU
		{2F27D2BD-EDA4-4E20-A7E6-B055B16629F1}.Release|iPhoneSimulator.ActiveCfg = Release|Any CPU
		{2F27D2BD-EDA4-4E20-A7E6-B055B16629F1}.Release|iPhoneSimulator.Build.0 = Release|Any CPU
		{F571AF3D-4438-4EFF-B766-DA598CB4DA7A}.Debug|Any CPU.ActiveCfg = Debug|Any CPU
		{F571AF3D-4438-4EFF-B766-DA598CB4DA7A}.Debug|Any CPU.Build.0 = Debug|Any CPU
		{F571AF3D-4438-4EFF-B766-DA598CB4DA7A}.Debug|iPhone.ActiveCfg = Debug|Any CPU
		{F571AF3D-4438-4EFF-B766-DA598CB4DA7A}.Debug|iPhone.Build.0 = Debug|Any CPU
		{F571AF3D-4438-4EFF-B766-DA598CB4DA7A}.Debug|iPhoneSimulator.ActiveCfg = Debug|Any CPU
		{F571AF3D-4438-4EFF-B766-DA598CB4DA7A}.Debug|iPhoneSimulator.Build.0 = Debug|Any CPU
		{F571AF3D-4438-4EFF-B766-DA598CB4DA7A}.Release|Any CPU.ActiveCfg = Release|Any CPU
		{F571AF3D-4438-4EFF-B766-DA598CB4DA7A}.Release|Any CPU.Build.0 = Release|Any CPU
		{F571AF3D-4438-4EFF-B766-DA598CB4DA7A}.Release|iPhone.ActiveCfg = Release|Any CPU
		{F571AF3D-4438-4EFF-B766-DA598CB4DA7A}.Release|iPhone.Build.0 = Release|Any CPU
		{F571AF3D-4438-4EFF-B766-DA598CB4DA7A}.Release|iPhoneSimulator.ActiveCfg = Release|Any CPU
		{F571AF3D-4438-4EFF-B766-DA598CB4DA7A}.Release|iPhoneSimulator.Build.0 = Release|Any CPU
		{C11ED579-75D0-437B-AD58-59867456E32E}.Debug|Any CPU.ActiveCfg = Debug|Any CPU
		{C11ED579-75D0-437B-AD58-59867456E32E}.Debug|Any CPU.Build.0 = Debug|Any CPU
		{C11ED579-75D0-437B-AD58-59867456E32E}.Debug|iPhone.ActiveCfg = Debug|Any CPU
		{C11ED579-75D0-437B-AD58-59867456E32E}.Debug|iPhone.Build.0 = Debug|Any CPU
		{C11ED579-75D0-437B-AD58-59867456E32E}.Debug|iPhoneSimulator.ActiveCfg = Debug|Any CPU
		{C11ED579-75D0-437B-AD58-59867456E32E}.Debug|iPhoneSimulator.Build.0 = Debug|Any CPU
		{C11ED579-75D0-437B-AD58-59867456E32E}.Release|Any CPU.ActiveCfg = Release|Any CPU
		{C11ED579-75D0-437B-AD58-59867456E32E}.Release|Any CPU.Build.0 = Release|Any CPU
		{C11ED579-75D0-437B-AD58-59867456E32E}.Release|iPhone.ActiveCfg = Release|Any CPU
		{C11ED579-75D0-437B-AD58-59867456E32E}.Release|iPhone.Build.0 = Release|Any CPU
		{C11ED579-75D0-437B-AD58-59867456E32E}.Release|iPhoneSimulator.ActiveCfg = Release|Any CPU
		{C11ED579-75D0-437B-AD58-59867456E32E}.Release|iPhoneSimulator.Build.0 = Release|Any CPU
		{247D679D-786D-4FF7-86C3-F1D375C03DB1}.Debug|Any CPU.ActiveCfg = Debug|Any CPU
		{247D679D-786D-4FF7-86C3-F1D375C03DB1}.Debug|Any CPU.Build.0 = Debug|Any CPU
		{247D679D-786D-4FF7-86C3-F1D375C03DB1}.Debug|iPhone.ActiveCfg = Debug|Any CPU
		{247D679D-786D-4FF7-86C3-F1D375C03DB1}.Debug|iPhone.Build.0 = Debug|Any CPU
		{247D679D-786D-4FF7-86C3-F1D375C03DB1}.Debug|iPhoneSimulator.ActiveCfg = Debug|Any CPU
		{247D679D-786D-4FF7-86C3-F1D375C03DB1}.Debug|iPhoneSimulator.Build.0 = Debug|Any CPU
		{247D679D-786D-4FF7-86C3-F1D375C03DB1}.Release|Any CPU.ActiveCfg = Release|Any CPU
		{247D679D-786D-4FF7-86C3-F1D375C03DB1}.Release|Any CPU.Build.0 = Release|Any CPU
		{247D679D-786D-4FF7-86C3-F1D375C03DB1}.Release|iPhone.ActiveCfg = Release|Any CPU
		{247D679D-786D-4FF7-86C3-F1D375C03DB1}.Release|iPhone.Build.0 = Release|Any CPU
		{247D679D-786D-4FF7-86C3-F1D375C03DB1}.Release|iPhoneSimulator.ActiveCfg = Release|Any CPU
		{247D679D-786D-4FF7-86C3-F1D375C03DB1}.Release|iPhoneSimulator.Build.0 = Release|Any CPU
		{C0DD9942-42D1-4834-B05A-EA781620DB63}.Debug|Any CPU.ActiveCfg = Debug|Any CPU
		{C0DD9942-42D1-4834-B05A-EA781620DB63}.Debug|Any CPU.Build.0 = Debug|Any CPU
		{C0DD9942-42D1-4834-B05A-EA781620DB63}.Debug|iPhone.ActiveCfg = Debug|Any CPU
		{C0DD9942-42D1-4834-B05A-EA781620DB63}.Debug|iPhone.Build.0 = Debug|Any CPU
		{C0DD9942-42D1-4834-B05A-EA781620DB63}.Debug|iPhoneSimulator.ActiveCfg = Debug|Any CPU
		{C0DD9942-42D1-4834-B05A-EA781620DB63}.Debug|iPhoneSimulator.Build.0 = Debug|Any CPU
		{C0DD9942-42D1-4834-B05A-EA781620DB63}.Release|Any CPU.ActiveCfg = Release|Any CPU
		{C0DD9942-42D1-4834-B05A-EA781620DB63}.Release|Any CPU.Build.0 = Release|Any CPU
		{C0DD9942-42D1-4834-B05A-EA781620DB63}.Release|iPhone.ActiveCfg = Release|Any CPU
		{C0DD9942-42D1-4834-B05A-EA781620DB63}.Release|iPhone.Build.0 = Release|Any CPU
		{C0DD9942-42D1-4834-B05A-EA781620DB63}.Release|iPhoneSimulator.ActiveCfg = Release|Any CPU
		{C0DD9942-42D1-4834-B05A-EA781620DB63}.Release|iPhoneSimulator.Build.0 = Release|Any CPU
		{E057F0AE-3776-4F23-834B-BC282C902A14}.Debug|Any CPU.ActiveCfg = Debug|Any CPU
		{E057F0AE-3776-4F23-834B-BC282C902A14}.Debug|Any CPU.Build.0 = Debug|Any CPU
		{E057F0AE-3776-4F23-834B-BC282C902A14}.Debug|iPhone.ActiveCfg = Debug|Any CPU
		{E057F0AE-3776-4F23-834B-BC282C902A14}.Debug|iPhone.Build.0 = Debug|Any CPU
		{E057F0AE-3776-4F23-834B-BC282C902A14}.Debug|iPhoneSimulator.ActiveCfg = Debug|Any CPU
		{E057F0AE-3776-4F23-834B-BC282C902A14}.Debug|iPhoneSimulator.Build.0 = Debug|Any CPU
		{E057F0AE-3776-4F23-834B-BC282C902A14}.Release|Any CPU.ActiveCfg = Release|Any CPU
		{E057F0AE-3776-4F23-834B-BC282C902A14}.Release|Any CPU.Build.0 = Release|Any CPU
		{E057F0AE-3776-4F23-834B-BC282C902A14}.Release|iPhone.ActiveCfg = Release|Any CPU
		{E057F0AE-3776-4F23-834B-BC282C902A14}.Release|iPhone.Build.0 = Release|Any CPU
		{E057F0AE-3776-4F23-834B-BC282C902A14}.Release|iPhoneSimulator.ActiveCfg = Release|Any CPU
		{E057F0AE-3776-4F23-834B-BC282C902A14}.Release|iPhoneSimulator.Build.0 = Release|Any CPU
		{C410A28A-D36F-4A67-9EFF-1BFB2A49BDCB}.Debug|Any CPU.ActiveCfg = Debug|Any CPU
		{C410A28A-D36F-4A67-9EFF-1BFB2A49BDCB}.Debug|Any CPU.Build.0 = Debug|Any CPU
		{C410A28A-D36F-4A67-9EFF-1BFB2A49BDCB}.Debug|iPhone.ActiveCfg = Debug|Any CPU
		{C410A28A-D36F-4A67-9EFF-1BFB2A49BDCB}.Debug|iPhone.Build.0 = Debug|Any CPU
		{C410A28A-D36F-4A67-9EFF-1BFB2A49BDCB}.Debug|iPhoneSimulator.ActiveCfg = Debug|Any CPU
		{C410A28A-D36F-4A67-9EFF-1BFB2A49BDCB}.Debug|iPhoneSimulator.Build.0 = Debug|Any CPU
		{C410A28A-D36F-4A67-9EFF-1BFB2A49BDCB}.Release|Any CPU.ActiveCfg = Release|Any CPU
		{C410A28A-D36F-4A67-9EFF-1BFB2A49BDCB}.Release|Any CPU.Build.0 = Release|Any CPU
		{C410A28A-D36F-4A67-9EFF-1BFB2A49BDCB}.Release|iPhone.ActiveCfg = Release|Any CPU
		{C410A28A-D36F-4A67-9EFF-1BFB2A49BDCB}.Release|iPhone.Build.0 = Release|Any CPU
		{C410A28A-D36F-4A67-9EFF-1BFB2A49BDCB}.Release|iPhoneSimulator.ActiveCfg = Release|Any CPU
		{C410A28A-D36F-4A67-9EFF-1BFB2A49BDCB}.Release|iPhoneSimulator.Build.0 = Release|Any CPU
		{0C515C14-B39D-4E0C-A0D3-CC9FFFB38E71}.Debug|Any CPU.ActiveCfg = Debug|Any CPU
		{0C515C14-B39D-4E0C-A0D3-CC9FFFB38E71}.Debug|Any CPU.Build.0 = Debug|Any CPU
		{0C515C14-B39D-4E0C-A0D3-CC9FFFB38E71}.Debug|iPhone.ActiveCfg = Debug|Any CPU
		{0C515C14-B39D-4E0C-A0D3-CC9FFFB38E71}.Debug|iPhone.Build.0 = Debug|Any CPU
		{0C515C14-B39D-4E0C-A0D3-CC9FFFB38E71}.Debug|iPhoneSimulator.ActiveCfg = Debug|Any CPU
		{0C515C14-B39D-4E0C-A0D3-CC9FFFB38E71}.Debug|iPhoneSimulator.Build.0 = Debug|Any CPU
		{0C515C14-B39D-4E0C-A0D3-CC9FFFB38E71}.Release|Any CPU.ActiveCfg = Release|Any CPU
		{0C515C14-B39D-4E0C-A0D3-CC9FFFB38E71}.Release|Any CPU.Build.0 = Release|Any CPU
		{0C515C14-B39D-4E0C-A0D3-CC9FFFB38E71}.Release|iPhone.ActiveCfg = Release|Any CPU
		{0C515C14-B39D-4E0C-A0D3-CC9FFFB38E71}.Release|iPhone.Build.0 = Release|Any CPU
		{0C515C14-B39D-4E0C-A0D3-CC9FFFB38E71}.Release|iPhoneSimulator.ActiveCfg = Release|Any CPU
		{0C515C14-B39D-4E0C-A0D3-CC9FFFB38E71}.Release|iPhoneSimulator.Build.0 = Release|Any CPU
		{80C9B9F8-DE70-4247-92EE-535D6E5C013D}.Debug|Any CPU.ActiveCfg = Debug|Any CPU
		{80C9B9F8-DE70-4247-92EE-535D6E5C013D}.Debug|Any CPU.Build.0 = Debug|Any CPU
		{80C9B9F8-DE70-4247-92EE-535D6E5C013D}.Debug|iPhone.ActiveCfg = Debug|Any CPU
		{80C9B9F8-DE70-4247-92EE-535D6E5C013D}.Debug|iPhone.Build.0 = Debug|Any CPU
		{80C9B9F8-DE70-4247-92EE-535D6E5C013D}.Debug|iPhoneSimulator.ActiveCfg = Debug|Any CPU
		{80C9B9F8-DE70-4247-92EE-535D6E5C013D}.Debug|iPhoneSimulator.Build.0 = Debug|Any CPU
		{80C9B9F8-DE70-4247-92EE-535D6E5C013D}.Release|Any CPU.ActiveCfg = Release|Any CPU
		{80C9B9F8-DE70-4247-92EE-535D6E5C013D}.Release|Any CPU.Build.0 = Release|Any CPU
		{80C9B9F8-DE70-4247-92EE-535D6E5C013D}.Release|iPhone.ActiveCfg = Release|Any CPU
		{80C9B9F8-DE70-4247-92EE-535D6E5C013D}.Release|iPhone.Build.0 = Release|Any CPU
		{80C9B9F8-DE70-4247-92EE-535D6E5C013D}.Release|iPhoneSimulator.ActiveCfg = Release|Any CPU
		{80C9B9F8-DE70-4247-92EE-535D6E5C013D}.Release|iPhoneSimulator.Build.0 = Release|Any CPU
		{31A3E80B-6DF6-473F-8FA8-C7DBCB7084FB}.Debug|Any CPU.ActiveCfg = Debug|Any CPU
		{31A3E80B-6DF6-473F-8FA8-C7DBCB7084FB}.Debug|Any CPU.Build.0 = Debug|Any CPU
		{31A3E80B-6DF6-473F-8FA8-C7DBCB7084FB}.Debug|iPhone.ActiveCfg = Debug|Any CPU
		{31A3E80B-6DF6-473F-8FA8-C7DBCB7084FB}.Debug|iPhone.Build.0 = Debug|Any CPU
		{31A3E80B-6DF6-473F-8FA8-C7DBCB7084FB}.Debug|iPhoneSimulator.ActiveCfg = Debug|Any CPU
		{31A3E80B-6DF6-473F-8FA8-C7DBCB7084FB}.Debug|iPhoneSimulator.Build.0 = Debug|Any CPU
		{31A3E80B-6DF6-473F-8FA8-C7DBCB7084FB}.Release|Any CPU.ActiveCfg = Release|Any CPU
		{31A3E80B-6DF6-473F-8FA8-C7DBCB7084FB}.Release|Any CPU.Build.0 = Release|Any CPU
		{31A3E80B-6DF6-473F-8FA8-C7DBCB7084FB}.Release|iPhone.ActiveCfg = Release|Any CPU
		{31A3E80B-6DF6-473F-8FA8-C7DBCB7084FB}.Release|iPhone.Build.0 = Release|Any CPU
		{31A3E80B-6DF6-473F-8FA8-C7DBCB7084FB}.Release|iPhoneSimulator.ActiveCfg = Release|Any CPU
		{31A3E80B-6DF6-473F-8FA8-C7DBCB7084FB}.Release|iPhoneSimulator.Build.0 = Release|Any CPU
		{3AC25C43-AEF3-4684-8723-3AFCD0730FEE}.Debug|Any CPU.ActiveCfg = Debug|Any CPU
		{3AC25C43-AEF3-4684-8723-3AFCD0730FEE}.Debug|Any CPU.Build.0 = Debug|Any CPU
		{3AC25C43-AEF3-4684-8723-3AFCD0730FEE}.Debug|iPhone.ActiveCfg = Debug|Any CPU
		{3AC25C43-AEF3-4684-8723-3AFCD0730FEE}.Debug|iPhone.Build.0 = Debug|Any CPU
		{3AC25C43-AEF3-4684-8723-3AFCD0730FEE}.Debug|iPhoneSimulator.ActiveCfg = Debug|Any CPU
		{3AC25C43-AEF3-4684-8723-3AFCD0730FEE}.Debug|iPhoneSimulator.Build.0 = Debug|Any CPU
		{3AC25C43-AEF3-4684-8723-3AFCD0730FEE}.Release|Any CPU.ActiveCfg = Release|Any CPU
		{3AC25C43-AEF3-4684-8723-3AFCD0730FEE}.Release|Any CPU.Build.0 = Release|Any CPU
		{3AC25C43-AEF3-4684-8723-3AFCD0730FEE}.Release|iPhone.ActiveCfg = Release|Any CPU
		{3AC25C43-AEF3-4684-8723-3AFCD0730FEE}.Release|iPhone.Build.0 = Release|Any CPU
		{3AC25C43-AEF3-4684-8723-3AFCD0730FEE}.Release|iPhoneSimulator.ActiveCfg = Release|Any CPU
		{3AC25C43-AEF3-4684-8723-3AFCD0730FEE}.Release|iPhoneSimulator.Build.0 = Release|Any CPU
		{63467827-5F0C-4EEC-AE94-BDFE67781F49}.Debug|Any CPU.ActiveCfg = Debug|Any CPU
		{63467827-5F0C-4EEC-AE94-BDFE67781F49}.Debug|Any CPU.Build.0 = Debug|Any CPU
		{63467827-5F0C-4EEC-AE94-BDFE67781F49}.Debug|iPhone.ActiveCfg = Debug|Any CPU
		{63467827-5F0C-4EEC-AE94-BDFE67781F49}.Debug|iPhone.Build.0 = Debug|Any CPU
		{63467827-5F0C-4EEC-AE94-BDFE67781F49}.Debug|iPhoneSimulator.ActiveCfg = Debug|Any CPU
		{63467827-5F0C-4EEC-AE94-BDFE67781F49}.Debug|iPhoneSimulator.Build.0 = Debug|Any CPU
		{63467827-5F0C-4EEC-AE94-BDFE67781F49}.Release|Any CPU.ActiveCfg = Release|Any CPU
		{63467827-5F0C-4EEC-AE94-BDFE67781F49}.Release|Any CPU.Build.0 = Release|Any CPU
		{63467827-5F0C-4EEC-AE94-BDFE67781F49}.Release|iPhone.ActiveCfg = Release|Any CPU
		{63467827-5F0C-4EEC-AE94-BDFE67781F49}.Release|iPhone.Build.0 = Release|Any CPU
		{63467827-5F0C-4EEC-AE94-BDFE67781F49}.Release|iPhoneSimulator.ActiveCfg = Release|Any CPU
		{63467827-5F0C-4EEC-AE94-BDFE67781F49}.Release|iPhoneSimulator.Build.0 = Release|Any CPU
	EndGlobalSection
	GlobalSection(SolutionProperties) = preSolution
		HideSolutionNode = FALSE
	EndGlobalSection
	GlobalSection(NestedProjects) = preSolution
		{6C65FF53-4F06-44FB-B1A2-E1731994624B} = {A0FB7BDE-C5C1-47B7-B8D3-4D72392799C8}
		{E29D20E4-5008-44F4-9FEB-25111735C3B7} = {505B0573-4CE2-4F46-BE0B-7A2BC5CE1729}
		{F9CFBDD5-346D-488B-8E98-3504674CB1C5} = {A0FB7BDE-C5C1-47B7-B8D3-4D72392799C8}
		{8B60DD81-44DC-43F6-AC34-262944FB4DD8} = {505B0573-4CE2-4F46-BE0B-7A2BC5CE1729}
		{6F0BCA28-E13A-4935-B6BB-A9D5B71DC07B} = {8B60DD81-44DC-43F6-AC34-262944FB4DD8}
		{71E6D9A4-F95D-4E31-89A0-254231EF519C} = {8B60DD81-44DC-43F6-AC34-262944FB4DD8}
		{65578BC2-912A-4147-BF82-CBE9A42AC2FA} = {8B60DD81-44DC-43F6-AC34-262944FB4DD8}
		{B81EFA09-090C-47AF-AD0E-E7421E38DA53} = {8B60DD81-44DC-43F6-AC34-262944FB4DD8}
		{E32F6375-67B3-42C7-9F0C-BDADEEBBF472} = {B81EFA09-090C-47AF-AD0E-E7421E38DA53}
		{280C798B-C31D-403D-9871-52FBCA570BD6} = {65578BC2-912A-4147-BF82-CBE9A42AC2FA}
		{5BD76278-600D-474F-912A-9D6A5A33DCF2} = {71E6D9A4-F95D-4E31-89A0-254231EF519C}
		{5B4A8954-E9CB-452F-9C50-71357DE28C82} = {6F0BCA28-E13A-4935-B6BB-A9D5B71DC07B}
		{ADC7B1D5-39D2-43F9-8B75-1F65EAE0AB29} = {6C65FF53-4F06-44FB-B1A2-E1731994624B}
		{087624D5-B18A-47CD-8206-E2519A9DF8B6} = {6C65FF53-4F06-44FB-B1A2-E1731994624B}
		{AB7DF795-2601-4AE4-9FD5-D8DDA20C8DFF} = {6C65FF53-4F06-44FB-B1A2-E1731994624B}
		{F04D4748-CCE4-47F8-A1CB-D0DB995235C5} = {F9CFBDD5-346D-488B-8E98-3504674CB1C5}
		{80E980DE-60A4-459F-8D4B-96D647A290D9} = {F9CFBDD5-346D-488B-8E98-3504674CB1C5}
		{3F03B823-0DFF-481E-9D12-0B5521FCB8C5} = {F9CFBDD5-346D-488B-8E98-3504674CB1C5}
		{B1C1648E-E25D-4779-AD0C-7D82E3A6CB42} = {70E93437-918D-42E2-99CB-3AE46667E03A}
		{70E93437-918D-42E2-99CB-3AE46667E03A} = {39CB7ADA-07E2-498D-B888-E357084E1EE7}
		{FD1944E0-62A0-4FEB-92DF-67C7A4E774D3} = {70E93437-918D-42E2-99CB-3AE46667E03A}
		{4B9F3835-F62A-4060-8CBB-4451F5339FE3} = {70E93437-918D-42E2-99CB-3AE46667E03A}
		{6ED969FD-0BCB-46F9-B862-D554EB65AC9B} = {70E93437-918D-42E2-99CB-3AE46667E03A}
		{4D54C787-5A86-43A5-861F-2B42B8791510} = {70E93437-918D-42E2-99CB-3AE46667E03A}
		{E86F393B-8D81-40A7-B8DE-3F08B2CC5F70} = {505B0573-4CE2-4F46-BE0B-7A2BC5CE1729}
		{C36BCBEE-9BE5-4168-B953-2EB3BAA3F0B2} = {E86F393B-8D81-40A7-B8DE-3F08B2CC5F70}
		{E75192FE-4C10-4065-9926-1B660234624A} = {E86F393B-8D81-40A7-B8DE-3F08B2CC5F70}
		{1E878063-BD87-4552-B969-C2DA8B3CB096} = {C36BCBEE-9BE5-4168-B953-2EB3BAA3F0B2}
		{E59DB731-23C8-4DE6-8DAE-A5CBBFBF59F0} = {C36BCBEE-9BE5-4168-B953-2EB3BAA3F0B2}
		{6B84F471-FB0F-4C4C-83CC-C6D4397DE66B} = {E75192FE-4C10-4065-9926-1B660234624A}
		{08E83E0D-9553-490B-A328-B8AE37E86149} = {E75192FE-4C10-4065-9926-1B660234624A}
		{58F9AE30-D598-427C-8327-2B3CE7210DDD} = {505B0573-4CE2-4F46-BE0B-7A2BC5CE1729}
		{2F27D2BD-EDA4-4E20-A7E6-B055B16629F1} = {58F9AE30-D598-427C-8327-2B3CE7210DDD}
		{F571AF3D-4438-4EFF-B766-DA598CB4DA7A} = {58F9AE30-D598-427C-8327-2B3CE7210DDD}
		{19E9413C-D88B-4E8B-8C4F-E8A7315A2B87} = {505B0573-4CE2-4F46-BE0B-7A2BC5CE1729}
		{C11ED579-75D0-437B-AD58-59867456E32E} = {E29D20E4-5008-44F4-9FEB-25111735C3B7}
		{247D679D-786D-4FF7-86C3-F1D375C03DB1} = {E29D20E4-5008-44F4-9FEB-25111735C3B7}
		{C0DD9942-42D1-4834-B05A-EA781620DB63} = {E29D20E4-5008-44F4-9FEB-25111735C3B7}
		{EBC4F038-C300-4998-8E50-C2C2F5EF8F5E} = {505B0573-4CE2-4F46-BE0B-7A2BC5CE1729}
		{E057F0AE-3776-4F23-834B-BC282C902A14} = {EBC4F038-C300-4998-8E50-C2C2F5EF8F5E}
		{C410A28A-D36F-4A67-9EFF-1BFB2A49BDCB} = {5C976F38-BFBA-4745-AB65-3FC32EBE4EBA}
		{0C515C14-B39D-4E0C-A0D3-CC9FFFB38E71} = {5C976F38-BFBA-4745-AB65-3FC32EBE4EBA}
		{80C9B9F8-DE70-4247-92EE-535D6E5C013D} = {5C976F38-BFBA-4745-AB65-3FC32EBE4EBA}
		{31A3E80B-6DF6-473F-8FA8-C7DBCB7084FB} = {5C976F38-BFBA-4745-AB65-3FC32EBE4EBA}
		{3AC25C43-AEF3-4684-8723-3AFCD0730FEE} = {39CB7ADA-07E2-498D-B888-E357084E1EE7}
		{63467827-5F0C-4EEC-AE94-BDFE67781F49} = {39CB7ADA-07E2-498D-B888-E357084E1EE7}
	EndGlobalSection
	GlobalSection(ExtensibilityGlobals) = postSolution
		SolutionGuid = {76228AC4-4F38-4FEB-B539-03D63D6C38AD}
	EndGlobalSection
EndGlobal
