
Microsoft Visual Studio Solution File, Format Version 12.00
# Visual Studio Version 16
VisualStudioVersion = 16.0.29709.97
MinimumVisualStudioVersion = 10.0.40219.1
Project("{9A19103F-16F7-4668-BE54-9A1E7A4F7556}") = "Rest API", "Rest API\Rest API.csproj", "{15AD8578-F3C6-4800-AF1E-12FC2C57FB4D}"
EndProject
Project("{9A19103F-16F7-4668-BE54-9A1E7A4F7556}") = "Rest ApiTest", "Rest ApiTest\Rest ApiTest.csproj", "{3FB78B9F-8D4F-44C7-BAB5-33BDB59022E5}"
EndProject
Project("{FAE04EC0-301F-11D3-BF4B-00C04F79EFBC}") = "Business Layer", "Business Layer\Business Layer.csproj", "{B8AF9F68-F384-4EC4-806F-4C47026CEAD6}"
EndProject
Project("{FAE04EC0-301F-11D3-BF4B-00C04F79EFBC}") = "Data Access Layer", "Data Access Layer\Data Access Layer.csproj", "{0CB3B90E-BB62-4A64-B414-62EF87D80110}"
EndProject
Global
	GlobalSection(SolutionConfigurationPlatforms) = preSolution
		Debug|Any CPU = Debug|Any CPU
		Release|Any CPU = Release|Any CPU
	EndGlobalSection
	GlobalSection(ProjectConfigurationPlatforms) = postSolution
		{15AD8578-F3C6-4800-AF1E-12FC2C57FB4D}.Debug|Any CPU.ActiveCfg = Debug|Any CPU
		{15AD8578-F3C6-4800-AF1E-12FC2C57FB4D}.Debug|Any CPU.Build.0 = Debug|Any CPU
		{15AD8578-F3C6-4800-AF1E-12FC2C57FB4D}.Release|Any CPU.ActiveCfg = Release|Any CPU
		{15AD8578-F3C6-4800-AF1E-12FC2C57FB4D}.Release|Any CPU.Build.0 = Release|Any CPU
		{3FB78B9F-8D4F-44C7-BAB5-33BDB59022E5}.Debug|Any CPU.ActiveCfg = Debug|Any CPU
		{3FB78B9F-8D4F-44C7-BAB5-33BDB59022E5}.Debug|Any CPU.Build.0 = Debug|Any CPU
		{3FB78B9F-8D4F-44C7-BAB5-33BDB59022E5}.Release|Any CPU.ActiveCfg = Release|Any CPU
		{3FB78B9F-8D4F-44C7-BAB5-33BDB59022E5}.Release|Any CPU.Build.0 = Release|Any CPU
		{B8AF9F68-F384-4EC4-806F-4C47026CEAD6}.Debug|Any CPU.ActiveCfg = Debug|Any CPU
		{B8AF9F68-F384-4EC4-806F-4C47026CEAD6}.Debug|Any CPU.Build.0 = Debug|Any CPU
		{B8AF9F68-F384-4EC4-806F-4C47026CEAD6}.Release|Any CPU.ActiveCfg = Release|Any CPU
		{B8AF9F68-F384-4EC4-806F-4C47026CEAD6}.Release|Any CPU.Build.0 = Release|Any CPU
		{0CB3B90E-BB62-4A64-B414-62EF87D80110}.Debug|Any CPU.ActiveCfg = Debug|Any CPU
		{0CB3B90E-BB62-4A64-B414-62EF87D80110}.Debug|Any CPU.Build.0 = Debug|Any CPU
		{0CB3B90E-BB62-4A64-B414-62EF87D80110}.Release|Any CPU.ActiveCfg = Release|Any CPU
		{0CB3B90E-BB62-4A64-B414-62EF87D80110}.Release|Any CPU.Build.0 = Release|Any CPU
	EndGlobalSection
	GlobalSection(SolutionProperties) = preSolution
		HideSolutionNode = FALSE
	EndGlobalSection
	GlobalSection(ExtensibilityGlobals) = postSolution
		SolutionGuid = {3FB0D61A-E0DC-493D-BC14-0EA05B4A681C}
	EndGlobalSection
EndGlobal
