
Microsoft Visual Studio Solution File, Format Version 12.00
# Visual Studio Version 16
VisualStudioVersion = 16.0.29709.97
MinimumVisualStudioVersion = 10.0.40219.1
Project("{9A19103F-16F7-4668-BE54-9A1E7A4F7556}") = "Rest API", "Rest API\Rest API.csproj", "{15AD8578-F3C6-4800-AF1E-12FC2C57FB4D}"
EndProject
Project("{9A19103F-16F7-4668-BE54-9A1E7A4F7556}") = "Rest ApiTest", "Rest ApiTest\Rest ApiTest.csproj", "{3FB78B9F-8D4F-44C7-BAB5-33BDB59022E5}"
EndProject
Project("{9A19103F-16F7-4668-BE54-9A1E7A4F7556}") = "Business Layer", "Business Layer\Business Layer.csproj", "{DBC7281C-A182-4ADE-80E3-C513215BFF35}"
EndProject
Project("{9A19103F-16F7-4668-BE54-9A1E7A4F7556}") = "Data Access Layer", "Data Access Layer\Data Access Layer.csproj", "{D166A7A6-7F85-4C90-A690-04164A098A9A}"
EndProject
Global
	GlobalSection(SolutionConfigurationPlatforms) = preSolution
		Debug|Any CPU = Debug|Any CPU
		Release|Any CPU = Release|Any CPU
	EndGlobalSection
	GlobalSection(ProjectConfigurationPlatforms) = postSolution
		{15AD8578-F3C6-4800-AF1E-12FC2C57FB4D}.Debug|Any CPU.ActiveCfg = Debug|Any CPU
		{15AD8578-F3C6-4800-AF1E-12FC2C57FB4D}.Debug|Any CPU.Build.0 = Debug|Any CPU
		{15AD8578-F3C6-4800-AF1E-12FC2C57FB4D}.Release|Any CPU.ActiveCfg = Release|Any CPU
		{15AD8578-F3C6-4800-AF1E-12FC2C57FB4D}.Release|Any CPU.Build.0 = Release|Any CPU
		{3FB78B9F-8D4F-44C7-BAB5-33BDB59022E5}.Debug|Any CPU.ActiveCfg = Debug|Any CPU
		{3FB78B9F-8D4F-44C7-BAB5-33BDB59022E5}.Debug|Any CPU.Build.0 = Debug|Any CPU
		{3FB78B9F-8D4F-44C7-BAB5-33BDB59022E5}.Release|Any CPU.ActiveCfg = Release|Any CPU
		{3FB78B9F-8D4F-44C7-BAB5-33BDB59022E5}.Release|Any CPU.Build.0 = Release|Any CPU
		{DBC7281C-A182-4ADE-80E3-C513215BFF35}.Debug|Any CPU.ActiveCfg = Debug|Any CPU
		{DBC7281C-A182-4ADE-80E3-C513215BFF35}.Debug|Any CPU.Build.0 = Debug|Any CPU
		{DBC7281C-A182-4ADE-80E3-C513215BFF35}.Release|Any CPU.ActiveCfg = Release|Any CPU
		{DBC7281C-A182-4ADE-80E3-C513215BFF35}.Release|Any CPU.Build.0 = Release|Any CPU
		{D166A7A6-7F85-4C90-A690-04164A098A9A}.Debug|Any CPU.ActiveCfg = Debug|Any CPU
		{D166A7A6-7F85-4C90-A690-04164A098A9A}.Debug|Any CPU.Build.0 = Debug|Any CPU
		{D166A7A6-7F85-4C90-A690-04164A098A9A}.Release|Any CPU.ActiveCfg = Release|Any CPU
		{D166A7A6-7F85-4C90-A690-04164A098A9A}.Release|Any CPU.Build.0 = Release|Any CPU
	EndGlobalSection
	GlobalSection(SolutionProperties) = preSolution
		HideSolutionNode = FALSE
	EndGlobalSection
	GlobalSection(ExtensibilityGlobals) = postSolution
		SolutionGuid = {3FB0D61A-E0DC-493D-BC14-0EA05B4A681C}
	EndGlobalSection
EndGlobal
